// !$*UTF8*$!
{
	archiveVersion = 1;
	classes = {
	};
	objectVersion = 56;
	objects = {

/* Begin PBXBuildFile section */
		4A661CB12AE9A58F00381780 /* FamilyMember.swift in Sources */ = {isa = PBXBuildFile; fileRef = 4A661CB02AE9A58F00381780 /* FamilyMember.swift */; };
		4A661CB32AE9A71A00381780 /* FamilyTableViewController.swift in Sources */ = {isa = PBXBuildFile; fileRef = 4A661CB22AE9A71A00381780 /* FamilyTableViewController.swift */; };
		4A661CB52AE9AB5700381780 /* FamilyTableViewCell.swift in Sources */ = {isa = PBXBuildFile; fileRef = 4A661CB42AE9AB5700381780 /* FamilyTableViewCell.swift */; };
		4A661CBB2AE9B1A900381780 /* AddFamilyMemberTableViewController.swift in Sources */ = {isa = PBXBuildFile; fileRef = 4A661CBA2AE9B1A900381780 /* AddFamilyMemberTableViewController.swift */; };
		4AC0FAC32ABCA02D00C9B7C7 /* AppDelegate.swift in Sources */ = {isa = PBXBuildFile; fileRef = 4AC0FAC22ABCA02D00C9B7C7 /* AppDelegate.swift */; };
		4AC0FAC52ABCA02D00C9B7C7 /* SceneDelegate.swift in Sources */ = {isa = PBXBuildFile; fileRef = 4AC0FAC42ABCA02D00C9B7C7 /* SceneDelegate.swift */; };
		4AC0FAC72ABCA02D00C9B7C7 /* ViewController.swift in Sources */ = {isa = PBXBuildFile; fileRef = 4AC0FAC62ABCA02D00C9B7C7 /* ViewController.swift */; };
		4AC0FACA2ABCA02D00C9B7C7 /* Main.storyboard in Resources */ = {isa = PBXBuildFile; fileRef = 4AC0FAC82ABCA02D00C9B7C7 /* Main.storyboard */; };
		4AC0FACC2ABCA02E00C9B7C7 /* Assets.xcassets in Resources */ = {isa = PBXBuildFile; fileRef = 4AC0FACB2ABCA02E00C9B7C7 /* Assets.xcassets */; };
		4AC0FACF2ABCA02E00C9B7C7 /* LaunchScreen.storyboard in Resources */ = {isa = PBXBuildFile; fileRef = 4AC0FACD2ABCA02E00C9B7C7 /* LaunchScreen.storyboard */; };
		4AC0FAD92ABDDCC600C9B7C7 /* DetailsViewController.swift in Sources */ = {isa = PBXBuildFile; fileRef = 4AC0FAD82ABDDCC600C9B7C7 /* DetailsViewController.swift */; };
/* End PBXBuildFile section */

/* Begin PBXFileReference section */
		4A661CB02AE9A58F00381780 /* FamilyMember.swift */ = {isa = PBXFileReference; lastKnownFileType = sourcecode.swift; path = FamilyMember.swift; sourceTree = "<group>"; };
		4A661CB22AE9A71A00381780 /* FamilyTableViewController.swift */ = {isa = PBXFileReference; lastKnownFileType = sourcecode.swift; path = FamilyTableViewController.swift; sourceTree = "<group>"; };
		4A661CB42AE9AB5700381780 /* FamilyTableViewCell.swift */ = {isa = PBXFileReference; lastKnownFileType = sourcecode.swift; path = FamilyTableViewCell.swift; sourceTree = "<group>"; };
		4A661CBA2AE9B1A900381780 /* AddFamilyMemberTableViewController.swift */ = {isa = PBXFileReference; lastKnownFileType = sourcecode.swift; path = AddFamilyMemberTableViewController.swift; sourceTree = "<group>"; };
		4AC0FABF2ABCA02D00C9B7C7 /* IntroduceYourFamily.app */ = {isa = PBXFileReference; explicitFileType = wrapper.application; includeInIndex = 0; path = IntroduceYourFamily.app; sourceTree = BUILT_PRODUCTS_DIR; };
		4AC0FAC22ABCA02D00C9B7C7 /* AppDelegate.swift */ = {isa = PBXFileReference; lastKnownFileType = sourcecode.swift; path = AppDelegate.swift; sourceTree = "<group>"; };
		4AC0FAC42ABCA02D00C9B7C7 /* SceneDelegate.swift */ = {isa = PBXFileReference; lastKnownFileType = sourcecode.swift; path = SceneDelegate.swift; sourceTree = "<group>"; };
		4AC0FAC62ABCA02D00C9B7C7 /* ViewController.swift */ = {isa = PBXFileReference; lastKnownFileType = sourcecode.swift; path = ViewController.swift; sourceTree = "<group>"; };
		4AC0FAC92ABCA02D00C9B7C7 /* Base */ = {isa = PBXFileReference; lastKnownFileType = file.storyboard; name = Base; path = Base.lproj/Main.storyboard; sourceTree = "<group>"; };
		4AC0FACB2ABCA02E00C9B7C7 /* Assets.xcassets */ = {isa = PBXFileReference; lastKnownFileType = folder.assetcatalog; path = Assets.xcassets; sourceTree = "<group>"; };
		4AC0FACE2ABCA02E00C9B7C7 /* Base */ = {isa = PBXFileReference; lastKnownFileType = file.storyboard; name = Base; path = Base.lproj/LaunchScreen.storyboard; sourceTree = "<group>"; };
		4AC0FAD02ABCA02E00C9B7C7 /* Info.plist */ = {isa = PBXFileReference; lastKnownFileType = text.plist.xml; path = Info.plist; sourceTree = "<group>"; };
		4AC0FAD82ABDDCC600C9B7C7 /* DetailsViewController.swift */ = {isa = PBXFileReference; lastKnownFileType = sourcecode.swift; path = DetailsViewController.swift; sourceTree = "<group>"; };
/* End PBXFileReference section */

/* Begin PBXFrameworksBuildPhase section */
		4AC0FABC2ABCA02D00C9B7C7 /* Frameworks */ = {
			isa = PBXFrameworksBuildPhase;
			buildActionMask = 2147483647;
			files = (
			);
			runOnlyForDeploymentPostprocessing = 0;
		};
/* End PBXFrameworksBuildPhase section */

/* Begin PBXGroup section */
		4AC0FAB62ABCA02D00C9B7C7 = {
			isa = PBXGroup;
			children = (
				4AC0FAC12ABCA02D00C9B7C7 /* IntroduceYourFamily */,
				4AC0FAC02ABCA02D00C9B7C7 /* Products */,
			);
			sourceTree = "<group>";
		};
		4AC0FAC02ABCA02D00C9B7C7 /* Products */ = {
			isa = PBXGroup;
			children = (
				4AC0FABF2ABCA02D00C9B7C7 /* IntroduceYourFamily.app */,
			);
			name = Products;
			sourceTree = "<group>";
		};
		4AC0FAC12ABCA02D00C9B7C7 /* IntroduceYourFamily */ = {
			isa = PBXGroup;
			children = (
				4AC0FAD82ABDDCC600C9B7C7 /* DetailsViewController.swift */,
				4AC0FAC62ABCA02D00C9B7C7 /* ViewController.swift */,
				4AC0FAC22ABCA02D00C9B7C7 /* AppDelegate.swift */,
				4AC0FAC42ABCA02D00C9B7C7 /* SceneDelegate.swift */,
				4AC0FAC82ABCA02D00C9B7C7 /* Main.storyboard */,
				4AC0FACB2ABCA02E00C9B7C7 /* Assets.xcassets */,
				4AC0FACD2ABCA02E00C9B7C7 /* LaunchScreen.storyboard */,
				4AC0FAD02ABCA02E00C9B7C7 /* Info.plist */,
				4A661CB02AE9A58F00381780 /* FamilyMember.swift */,
				4A661CB42AE9AB5700381780 /* FamilyTableViewCell.swift */,
				4A661CB22AE9A71A00381780 /* FamilyTableViewController.swift */,
				4A661CBA2AE9B1A900381780 /* AddFamilyMemberTableViewController.swift */,
			);
			path = IntroduceYourFamily;
			sourceTree = "<group>";
		};
/* End PBXGroup section */

/* Begin PBXNativeTarget section */
		4AC0FABE2ABCA02D00C9B7C7 /* IntroduceYourFamily */ = {
			isa = PBXNativeTarget;
			buildConfigurationList = 4AC0FAD32ABCA02E00C9B7C7 /* Build configuration list for PBXNativeTarget "IntroduceYourFamily" */;
			buildPhases = (
				4AC0FABB2ABCA02D00C9B7C7 /* Sources */,
				4AC0FABC2ABCA02D00C9B7C7 /* Frameworks */,
				4AC0FABD2ABCA02D00C9B7C7 /* Resources */,
			);
			buildRules = (
			);
			dependencies = (
			);
			name = IntroduceYourFamily;
			productName = IntroduceYourFamily;
			productReference = 4AC0FABF2ABCA02D00C9B7C7 /* IntroduceYourFamily.app */;
			productType = "com.apple.product-type.application";
		};
/* End PBXNativeTarget section */

/* Begin PBXProject section */
		4AC0FAB72ABCA02D00C9B7C7 /* Project object */ = {
			isa = PBXProject;
			attributes = {
				BuildIndependentTargetsInParallel = 1;
				LastSwiftUpdateCheck = 1430;
				LastUpgradeCheck = 1430;
				TargetAttributes = {
					4AC0FABE2ABCA02D00C9B7C7 = {
						CreatedOnToolsVersion = 14.3.1;
					};
				};
			};
			buildConfigurationList = 4AC0FABA2ABCA02D00C9B7C7 /* Build configuration list for PBXProject "IntroduceYourFamily" */;
			compatibilityVersion = "Xcode 14.0";
			developmentRegion = en;
			hasScannedForEncodings = 0;
			knownRegions = (
				en,
				Base,
			);
			mainGroup = 4AC0FAB62ABCA02D00C9B7C7;
			productRefGroup = 4AC0FAC02ABCA02D00C9B7C7 /* Products */;
			projectDirPath = "";
			projectRoot = "";
			targets = (
				4AC0FABE2ABCA02D00C9B7C7 /* IntroduceYourFamily */,
			);
		};
/* End PBXProject section */

/* Begin PBXResourcesBuildPhase section */
		4AC0FABD2ABCA02D00C9B7C7 /* Resources */ = {
			isa = PBXResourcesBuildPhase;
			buildActionMask = 2147483647;
			files = (
				4AC0FACF2ABCA02E00C9B7C7 /* LaunchScreen.storyboard in Resources */,
				4AC0FACC2ABCA02E00C9B7C7 /* Assets.xcassets in Resources */,
				4AC0FACA2ABCA02D00C9B7C7 /* Main.storyboard in Resources */,
			);
			runOnlyForDeploymentPostprocessing = 0;
		};
/* End PBXResourcesBuildPhase section */

/* Begin PBXSourcesBuildPhase section */
		4AC0FABB2ABCA02D00C9B7C7 /* Sources */ = {
			isa = PBXSourcesBuildPhase;
			buildActionMask = 2147483647;
			files = (
				4AC0FAC72ABCA02D00C9B7C7 /* ViewController.swift in Sources */,
				4AC0FAC32ABCA02D00C9B7C7 /* AppDelegate.swift in Sources */,
				4AC0FAC52ABCA02D00C9B7C7 /* SceneDelegate.swift in Sources */,
				4A661CB32AE9A71A00381780 /* FamilyTableViewController.swift in Sources */,
				4AC0FAD92ABDDCC600C9B7C7 /* DetailsViewController.swift in Sources */,
				4A661CBB2AE9B1A900381780 /* AddFamilyMemberTableViewController.swift in Sources */,
				4A661CB52AE9AB5700381780 /* FamilyTableViewCell.swift in Sources */,
				4A661CB12AE9A58F00381780 /* FamilyMember.swift in Sources */,
			);
			runOnlyForDeploymentPostprocessing = 0;
		};
/* End PBXSourcesBuildPhase section */

/* Begin PBXVariantGroup section */
		4AC0FAC82ABCA02D00C9B7C7 /* Main.storyboard */ = {
			isa = PBXVariantGroup;
			children = (
				4AC0FAC92ABCA02D00C9B7C7 /* Base */,
			);
			name = Main.storyboard;
			sourceTree = "<group>";
		};
		4AC0FACD2ABCA02E00C9B7C7 /* LaunchScreen.storyboard */ = {
			isa = PBXVariantGroup;
			children = (
				4AC0FACE2ABCA02E00C9B7C7 /* Base */,
			);
			name = LaunchScreen.storyboard;
			sourceTree = "<group>";
		};
/* End PBXVariantGroup section */

/* Begin XCBuildConfiguration section */
		4AC0FAD12ABCA02E00C9B7C7 /* Debug */ = {
			isa = XCBuildConfiguration;
			buildSettings = {
				ALWAYS_SEARCH_USER_PATHS = NO;
				CLANG_ANALYZER_NONNULL = YES;
				CLANG_ANALYZER_NUMBER_OBJECT_CONVERSION = YES_AGGRESSIVE;
				CLANG_CXX_LANGUAGE_STANDARD = "gnu++20";
				CLANG_ENABLE_MODULES = YES;
				CLANG_ENABLE_OBJC_ARC = YES;
				CLANG_ENABLE_OBJC_WEAK = YES;
				CLANG_WARN_BLOCK_CAPTURE_AUTORELEASING = YES;
				CLANG_WARN_BOOL_CONVERSION = YES;
				CLANG_WARN_COMMA = YES;
				CLANG_WARN_CONSTANT_CONVERSION = YES;
				CLANG_WARN_DEPRECATED_OBJC_IMPLEMENTATIONS = YES;
				CLANG_WARN_DIRECT_OBJC_ISA_USAGE = YES_ERROR;
				CLANG_WARN_DOCUMENTATION_COMMENTS = YES;
				CLANG_WARN_EMPTY_BODY = YES;
				CLANG_WARN_ENUM_CONVERSION = YES;
				CLANG_WARN_INFINITE_RECURSION = YES;
				CLANG_WARN_INT_CONVERSION = YES;
				CLANG_WARN_NON_LITERAL_NULL_CONVERSION = YES;
				CLANG_WARN_OBJC_IMPLICIT_RETAIN_SELF = YES;
				CLANG_WARN_OBJC_LITERAL_CONVERSION = YES;
				CLANG_WARN_OBJC_ROOT_CLASS = YES_ERROR;
				CLANG_WARN_QUOTED_INCLUDE_IN_FRAMEWORK_HEADER = YES;
				CLANG_WARN_RANGE_LOOP_ANALYSIS = YES;
				CLANG_WARN_STRICT_PROTOTYPES = YES;
				CLANG_WARN_SUSPICIOUS_MOVE = YES;
				CLANG_WARN_UNGUARDED_AVAILABILITY = YES_AGGRESSIVE;
				CLANG_WARN_UNREACHABLE_CODE = YES;
				CLANG_WARN__DUPLICATE_METHOD_MATCH = YES;
				COPY_PHASE_STRIP = NO;
				DEBUG_INFORMATION_FORMAT = dwarf;
				ENABLE_STRICT_OBJC_MSGSEND = YES;
				ENABLE_TESTABILITY = YES;
				GCC_C_LANGUAGE_STANDARD = gnu11;
				GCC_DYNAMIC_NO_PIC = NO;
				GCC_NO_COMMON_BLOCKS = YES;
				GCC_OPTIMIZATION_LEVEL = 0;
				GCC_PREPROCESSOR_DEFINITIONS = (
					"DEBUG=1",
					"$(inherited)",
				);
				GCC_WARN_64_TO_32_BIT_CONVERSION = YES;
				GCC_WARN_ABOUT_RETURN_TYPE = YES_ERROR;
				GCC_WARN_UNDECLARED_SELECTOR = YES;
				GCC_WARN_UNINITIALIZED_AUTOS = YES_AGGRESSIVE;
				GCC_WARN_UNUSED_FUNCTION = YES;
				GCC_WARN_UNUSED_VARIABLE = YES;
				IPHONEOS_DEPLOYMENT_TARGET = 16.4;
				MTL_ENABLE_DEBUG_INFO = INCLUDE_SOURCE;
				MTL_FAST_MATH = YES;
				ONLY_ACTIVE_ARCH = YES;
				SDKROOT = iphoneos;
				SWIFT_ACTIVE_COMPILATION_CONDITIONS = DEBUG;
				SWIFT_OPTIMIZATION_LEVEL = "-Onone";
			};
			name = Debug;
		};
		4AC0FAD22ABCA02E00C9B7C7 /* Release */ = {
			isa = XCBuildConfiguration;
			buildSettings = {
				ALWAYS_SEARCH_USER_PATHS = NO;
				CLANG_ANALYZER_NONNULL = YES;
				CLANG_ANALYZER_NUMBER_OBJECT_CONVERSION = YES_AGGRESSIVE;
				CLANG_CXX_LANGUAGE_STANDARD = "gnu++20";
				CLANG_ENABLE_MODULES = YES;
				CLANG_ENABLE_OBJC_ARC = YES;
				CLANG_ENABLE_OBJC_WEAK = YES;
				CLANG_WARN_BLOCK_CAPTURE_AUTORELEASING = YES;
				CLANG_WARN_BOOL_CONVERSION = YES;
				CLANG_WARN_COMMA = YES;
				CLANG_WARN_CONSTANT_CONVERSION = YES;
				CLANG_WARN_DEPRECATED_OBJC_IMPLEMENTATIONS = YES;
				CLANG_WARN_DIRECT_OBJC_ISA_USAGE = YES_ERROR;
				CLANG_WARN_DOCUMENTATION_COMMENTS = YES;
				CLANG_WARN_EMPTY_BODY = YES;
				CLANG_WARN_ENUM_CONVERSION = YES;
				CLANG_WARN_INFINITE_RECURSION = YES;
				CLANG_WARN_INT_CONVERSION = YES;
				CLANG_WARN_NON_LITERAL_NULL_CONVERSION = YES;
				CLANG_WARN_OBJC_IMPLICIT_RETAIN_SELF = YES;
				CLANG_WARN_OBJC_LITERAL_CONVERSION = YES;
				CLANG_WARN_OBJC_ROOT_CLASS = YES_ERROR;
				CLANG_WARN_QUOTED_INCLUDE_IN_FRAMEWORK_HEADER = YES;
				CLANG_WARN_RANGE_LOOP_ANALYSIS = YES;
				CLANG_WARN_STRICT_PROTOTYPES = YES;
				CLANG_WARN_SUSPICIOUS_MOVE = YES;
				CLANG_WARN_UNGUARDED_AVAILABILITY = YES_AGGRESSIVE;
				CLANG_WARN_UNREACHABLE_CODE = YES;
				CLANG_WARN__DUPLICATE_METHOD_MATCH = YES;
				COPY_PHASE_STRIP = NO;
				DEBUG_INFORMATION_FORMAT = "dwarf-with-dsym";
				ENABLE_NS_ASSERTIONS = NO;
				ENABLE_STRICT_OBJC_MSGSEND = YES;
				GCC_C_LANGUAGE_STANDARD = gnu11;
				GCC_NO_COMMON_BLOCKS = YES;
				GCC_WARN_64_TO_32_BIT_CONVERSION = YES;
				GCC_WARN_ABOUT_RETURN_TYPE = YES_ERROR;
				GCC_WARN_UNDECLARED_SELECTOR = YES;
				GCC_WARN_UNINITIALIZED_AUTOS = YES_AGGRESSIVE;
				GCC_WARN_UNUSED_FUNCTION = YES;
				GCC_WARN_UNUSED_VARIABLE = YES;
				IPHONEOS_DEPLOYMENT_TARGET = 16.4;
				MTL_ENABLE_DEBUG_INFO = NO;
				MTL_FAST_MATH = YES;
				SDKROOT = iphoneos;
				SWIFT_COMPILATION_MODE = wholemodule;
				SWIFT_OPTIMIZATION_LEVEL = "-O";
				VALIDATE_PRODUCT = YES;
			};
			name = Release;
		};
		4AC0FAD42ABCA02E00C9B7C7 /* Debug */ = {
			isa = XCBuildConfiguration;
			buildSettings = {
				ASSETCATALOG_COMPILER_APPICON_NAME = AppIcon;
				ASSETCATALOG_COMPILER_GLOBAL_ACCENT_COLOR_NAME = AccentColor;
				CODE_SIGN_STYLE = Automatic;
				CURRENT_PROJECT_VERSION = 1;
				GENERATE_INFOPLIST_FILE = YES;
				INFOPLIST_FILE = IntroduceYourFamily/Info.plist;
				INFOPLIST_KEY_UIApplicationSupportsIndirectInputEvents = YES;
				INFOPLIST_KEY_UILaunchStoryboardName = LaunchScreen;
				INFOPLIST_KEY_UIMainStoryboardFile = Main;
				INFOPLIST_KEY_UISupportedInterfaceOrientations_iPad = "UIInterfaceOrientationPortrait UIInterfaceOrientationPortraitUpsideDown UIInterfaceOrientationLandscapeLeft UIInterfaceOrientationLandscapeRight";
				INFOPLIST_KEY_UISupportedInterfaceOrientations_iPhone = "UIInterfaceOrientationPortrait UIInterfaceOrientationLandscapeLeft UIInterfaceOrientationLandscapeRight";
				LD_RUNPATH_SEARCH_PATHS = (
					"$(inherited)",
					"@executable_path/Frameworks",
				);
				MARKETING_VERSION = 1.0;
				PRODUCT_BUNDLE_IDENTIFIER = IntroduceYourFamily.IntroduceYourFamily;
				PRODUCT_NAME = "$(TARGET_NAME)";
				SWIFT_EMIT_LOC_STRINGS = YES;
				SWIFT_VERSION = 5.0;
				TARGETED_DEVICE_FAMILY = "1,2";
			};
			name = Debug;
		};
		4AC0FAD52ABCA02E00C9B7C7 /* Release */ = {
			isa = XCBuildConfiguration;
			buildSettings = {
				ASSETCATALOG_COMPILER_APPICON_NAME = AppIcon;
				ASSETCATALOG_COMPILER_GLOBAL_ACCENT_COLOR_NAME = AccentColor;
				CODE_SIGN_STYLE = Automatic;
				CURRENT_PROJECT_VERSION = 1;
				GENERATE_INFOPLIST_FILE = YES;
				INFOPLIST_FILE = IntroduceYourFamily/Info.plist;
				INFOPLIST_KEY_UIApplicationSupportsIndirectInputEvents = YES;
				INFOPLIST_KEY_UILaunchStoryboardName = LaunchScreen;
				INFOPLIST_KEY_UIMainStoryboardFile = Main;
				INFOPLIST_KEY_UISupportedInterfaceOrientations_iPad = "UIInterfaceOrientationPortrait UIInterfaceOrientationPortraitUpsideDown UIInterfaceOrientationLandscapeLeft UIInterfaceOrientationLandscapeRight";
				INFOPLIST_KEY_UISupportedInterfaceOrientations_iPhone = "UIInterfaceOrientationPortrait UIInterfaceOrientationLandscapeLeft UIInterfaceOrientationLandscapeRight";
				LD_RUNPATH_SEARCH_PATHS = (
					"$(inherited)",
					"@executable_path/Frameworks",
				);
				MARKETING_VERSION = 1.0;
				PRODUCT_BUNDLE_IDENTIFIER = IntroduceYourFamily.IntroduceYourFamily;
				PRODUCT_NAME = "$(TARGET_NAME)";
				SWIFT_EMIT_LOC_STRINGS = YES;
				SWIFT_VERSION = 5.0;
				TARGETED_DEVICE_FAMILY = "1,2";
			};
			name = Release;
		};
/* End XCBuildConfiguration section */

/* Begin XCConfigurationList section */
		4AC0FABA2ABCA02D00C9B7C7 /* Build configuration list for PBXProject "IntroduceYourFamily" */ = {
			isa = XCConfigurationList;
			buildConfigurations = (
				4AC0FAD12ABCA02E00C9B7C7 /* Debug */,
				4AC0FAD22ABCA02E00C9B7C7 /* Release */,
			);
			defaultConfigurationIsVisible = 0;
			defaultConfigurationName = Release;
		};
		4AC0FAD32ABCA02E00C9B7C7 /* Build configuration list for PBXNativeTarget "IntroduceYourFamily" */ = {
			isa = XCConfigurationList;
			buildConfigurations = (
				4AC0FAD42ABCA02E00C9B7C7 /* Debug */,
				4AC0FAD52ABCA02E00C9B7C7 /* Release */,
			);
			defaultConfigurationIsVisible = 0;
			defaultConfigurationName = Release;
		};
/* End XCConfigurationList section */
	};
	rootObject = 4AC0FAB72ABCA02D00C9B7C7 /* Project object */;
}
